// !$*UTF8*$!
{
	archiveVersion = 1;
	classes = {
	};
	objectVersion = 55;
	objects = {

/* Begin PBXBuildFile section */
		1BB7F2851264179DB4EDDD76 /* Pods_P2.framework in Frameworks */ = {isa = PBXBuildFile; fileRef = 4D5F2936FB73DE44D53129F1 /* Pods_P2.framework */; };
		5E091E5B27F9009D008DD015 /* Support.swift in Sources */ = {isa = PBXBuildFile; fileRef = 5E091E5A27F9009D008DD015 /* Support.swift */; };
		5E091E8127FCC425008DD015 /* DeatailesViewController.swift in Sources */ = {isa = PBXBuildFile; fileRef = 5E091E8027FCC425008DD015 /* DeatailesViewController.swift */; };
		5E1A72C527F57DDB00D2F54B /* AppDelegate.swift in Sources */ = {isa = PBXBuildFile; fileRef = 5E1A72C427F57DDB00D2F54B /* AppDelegate.swift */; };
		5E1A72C727F57DDB00D2F54B /* SceneDelegate.swift in Sources */ = {isa = PBXBuildFile; fileRef = 5E1A72C627F57DDB00D2F54B /* SceneDelegate.swift */; };
		5E1A72C927F57DDB00D2F54B /* ViewController.swift in Sources */ = {isa = PBXBuildFile; fileRef = 5E1A72C827F57DDB00D2F54B /* ViewController.swift */; };
		5E1A72CC27F57DDB00D2F54B /* Main.storyboard in Resources */ = {isa = PBXBuildFile; fileRef = 5E1A72CA27F57DDB00D2F54B /* Main.storyboard */; };
		5E1A72CE27F57DDF00D2F54B /* Assets.xcassets in Resources */ = {isa = PBXBuildFile; fileRef = 5E1A72CD27F57DDF00D2F54B /* Assets.xcassets */; };
		5E1A72D127F57DDF00D2F54B /* LaunchScreen.storyboard in Resources */ = {isa = PBXBuildFile; fileRef = 5E1A72CF27F57DDF00D2F54B /* LaunchScreen.storyboard */; };
		5E1A72D927F585A100D2F54B /* Users.swift in Sources */ = {isa = PBXBuildFile; fileRef = 5E1A72D827F585A100D2F54B /* Users.swift */; };
		5E1A72DB27F5890C00D2F54B /* User.swift in Sources */ = {isa = PBXBuildFile; fileRef = 5E1A72DA27F5890C00D2F54B /* User.swift */; };
		5E950E4A27FD6DFB004D36D8 /* LogInViewController.swift in Sources */ = {isa = PBXBuildFile; fileRef = 5E950E4927FD6DFB004D36D8 /* LogInViewController.swift */; };
/* End PBXBuildFile section */

/* Begin PBXFileReference section */
		4D5F2936FB73DE44D53129F1 /* Pods_P2.framework */ = {isa = PBXFileReference; explicitFileType = wrapper.framework; includeInIndex = 0; path = Pods_P2.framework; sourceTree = BUILT_PRODUCTS_DIR; };
		51A1DA78945242BA7218329B /* Pods-P2.release.xcconfig */ = {isa = PBXFileReference; includeInIndex = 1; lastKnownFileType = text.xcconfig; name = "Pods-P2.release.xcconfig"; path = "Target Support Files/Pods-P2/Pods-P2.release.xcconfig"; sourceTree = "<group>"; };
		5E091E5A27F9009D008DD015 /* Support.swift */ = {isa = PBXFileReference; lastKnownFileType = sourcecode.swift; path = Support.swift; sourceTree = "<group>"; };
		5E091E8027FCC425008DD015 /* DeatailesViewController.swift */ = {isa = PBXFileReference; lastKnownFileType = sourcecode.swift; path = DeatailesViewController.swift; sourceTree = "<group>"; };
		5E1A72C127F57DDB00D2F54B /* P2.app */ = {isa = PBXFileReference; explicitFileType = wrapper.application; includeInIndex = 0; path = P2.app; sourceTree = BUILT_PRODUCTS_DIR; };
		5E1A72C427F57DDB00D2F54B /* AppDelegate.swift */ = {isa = PBXFileReference; lastKnownFileType = sourcecode.swift; path = AppDelegate.swift; sourceTree = "<group>"; };
		5E1A72C627F57DDB00D2F54B /* SceneDelegate.swift */ = {isa = PBXFileReference; lastKnownFileType = sourcecode.swift; path = SceneDelegate.swift; sourceTree = "<group>"; };
		5E1A72C827F57DDB00D2F54B /* ViewController.swift */ = {isa = PBXFileReference; lastKnownFileType = sourcecode.swift; path = ViewController.swift; sourceTree = "<group>"; };
		5E1A72CB27F57DDB00D2F54B /* Base */ = {isa = PBXFileReference; lastKnownFileType = file.storyboard; name = Base; path = Base.lproj/Main.storyboard; sourceTree = "<group>"; };
		5E1A72CD27F57DDF00D2F54B /* Assets.xcassets */ = {isa = PBXFileReference; lastKnownFileType = folder.assetcatalog; path = Assets.xcassets; sourceTree = "<group>"; };
		5E1A72D027F57DDF00D2F54B /* Base */ = {isa = PBXFileReference; lastKnownFileType = file.storyboard; name = Base; path = Base.lproj/LaunchScreen.storyboard; sourceTree = "<group>"; };
		5E1A72D227F57DDF00D2F54B /* Info.plist */ = {isa = PBXFileReference; lastKnownFileType = text.plist.xml; path = Info.plist; sourceTree = "<group>"; };
		5E1A72D827F585A100D2F54B /* Users.swift */ = {isa = PBXFileReference; lastKnownFileType = sourcecode.swift; path = Users.swift; sourceTree = "<group>"; };
		5E1A72DA27F5890C00D2F54B /* User.swift */ = {isa = PBXFileReference; lastKnownFileType = sourcecode.swift; path = User.swift; sourceTree = "<group>"; };
		5E950E4927FD6DFB004D36D8 /* LogInViewController.swift */ = {isa = PBXFileReference; lastKnownFileType = sourcecode.swift; path = LogInViewController.swift; sourceTree = "<group>"; };
		891544CB02E9DA4BAFD24B0D /* Pods-P2.debug.xcconfig */ = {isa = PBXFileReference; includeInIndex = 1; lastKnownFileType = text.xcconfig; name = "Pods-P2.debug.xcconfig"; path = "Target Support Files/Pods-P2/Pods-P2.debug.xcconfig"; sourceTree = "<group>"; };
/* End PBXFileReference section */

/* Begin PBXFrameworksBuildPhase section */
		5E1A72BE27F57DDB00D2F54B /* Frameworks */ = {
			isa = PBXFrameworksBuildPhase;
			buildActionMask = 2147483647;
			files = (
				1BB7F2851264179DB4EDDD76 /* Pods_P2.framework in Frameworks */,
			);
			runOnlyForDeploymentPostprocessing = 0;
		};
/* End PBXFrameworksBuildPhase section */

/* Begin PBXGroup section */
		41E39E500CAE8D53327BA113 /* Pods */ = {
			isa = PBXGroup;
			children = (
				891544CB02E9DA4BAFD24B0D /* Pods-P2.debug.xcconfig */,
				51A1DA78945242BA7218329B /* Pods-P2.release.xcconfig */,
			);
			path = Pods;
			sourceTree = "<group>";
		};
		5E1A72B827F57DDB00D2F54B = {
			isa = PBXGroup;
			children = (
				5E1A72C327F57DDB00D2F54B /* P2 */,
				5E1A72C227F57DDB00D2F54B /* Products */,
				41E39E500CAE8D53327BA113 /* Pods */,
				8171F186B43E6E45368F48C5 /* Frameworks */,
			);
			sourceTree = "<group>";
		};
		5E1A72C227F57DDB00D2F54B /* Products */ = {
			isa = PBXGroup;
			children = (
				5E1A72C127F57DDB00D2F54B /* P2.app */,
			);
			name = Products;
			sourceTree = "<group>";
		};
		5E1A72C327F57DDB00D2F54B /* P2 */ = {
			isa = PBXGroup;
			children = (
				5E1A72C427F57DDB00D2F54B /* AppDelegate.swift */,
				5E1A72C627F57DDB00D2F54B /* SceneDelegate.swift */,
				5E1A72C827F57DDB00D2F54B /* ViewController.swift */,
				5E091E8027FCC425008DD015 /* DeatailesViewController.swift */,
				5E950E4927FD6DFB004D36D8 /* LogInViewController.swift */,
				5E1A72D827F585A100D2F54B /* Users.swift */,
				5E1A72DA27F5890C00D2F54B /* User.swift */,
				5E091E5A27F9009D008DD015 /* Support.swift */,
				5E1A72CA27F57DDB00D2F54B /* Main.storyboard */,
				5E1A72CD27F57DDF00D2F54B /* Assets.xcassets */,
				5E1A72CF27F57DDF00D2F54B /* LaunchScreen.storyboard */,
				5E1A72D227F57DDF00D2F54B /* Info.plist */,
			);
			path = P2;
			sourceTree = "<group>";
		};
		8171F186B43E6E45368F48C5 /* Frameworks */ = {
			isa = PBXGroup;
			children = (
				4D5F2936FB73DE44D53129F1 /* Pods_P2.framework */,
			);
			name = Frameworks;
			sourceTree = "<group>";
		};
/* End PBXGroup section */

/* Begin PBXNativeTarget section */
		5E1A72C027F57DDB00D2F54B /* P2 */ = {
			isa = PBXNativeTarget;
			buildConfigurationList = 5E1A72D527F57DDF00D2F54B /* Build configuration list for PBXNativeTarget "P2" */;
			buildPhases = (
				03FDCE610BB1E6AF12C371BC /* [CP] Check Pods Manifest.lock */,
				5E1A72BD27F57DDB00D2F54B /* Sources */,
				5E1A72BE27F57DDB00D2F54B /* Frameworks */,
				5E1A72BF27F57DDB00D2F54B /* Resources */,
				943AAB708454004022F516B7 /* [CP] Embed Pods Frameworks */,
			);
			buildRules = (
			);
			dependencies = (
			);
			name = P2;
			productName = P2;
			productReference = 5E1A72C127F57DDB00D2F54B /* P2.app */;
			productType = "com.apple.product-type.application";
		};
/* End PBXNativeTarget section */

/* Begin PBXProject section */
		5E1A72B927F57DDB00D2F54B /* Project object */ = {
			isa = PBXProject;
			attributes = {
				BuildIndependentTargetsInParallel = 1;
				LastSwiftUpdateCheck = 1330;
				LastUpgradeCheck = 1330;
				TargetAttributes = {
					5E1A72C027F57DDB00D2F54B = {
						CreatedOnToolsVersion = 13.3;
					};
				};
			};
			buildConfigurationList = 5E1A72BC27F57DDB00D2F54B /* Build configuration list for PBXProject "P2" */;
			compatibilityVersion = "Xcode 13.0";
			developmentRegion = en;
			hasScannedForEncodings = 0;
			knownRegions = (
				en,
				Base,
			);
			mainGroup = 5E1A72B827F57DDB00D2F54B;
			productRefGroup = 5E1A72C227F57DDB00D2F54B /* Products */;
			projectDirPath = "";
			projectRoot = "";
			targets = (
				5E1A72C027F57DDB00D2F54B /* P2 */,
			);
		};
/* End PBXProject section */

/* Begin PBXResourcesBuildPhase section */
		5E1A72BF27F57DDB00D2F54B /* Resources */ = {
			isa = PBXResourcesBuildPhase;
			buildActionMask = 2147483647;
			files = (
				5E1A72D127F57DDF00D2F54B /* LaunchScreen.storyboard in Resources */,
				5E1A72CE27F57DDF00D2F54B /* Assets.xcassets in Resources */,
				5E1A72CC27F57DDB00D2F54B /* Main.storyboard in Resources */,
			);
			runOnlyForDeploymentPostprocessing = 0;
		};
/* End PBXResourcesBuildPhase section */

/* Begin PBXShellScriptBuildPhase section */
		03FDCE610BB1E6AF12C371BC /* [CP] Check Pods Manifest.lock */ = {
			isa = PBXShellScriptBuildPhase;
			buildActionMask = 2147483647;
			files = (
			);
			inputFileListPaths = (
			);
			inputPaths = (
				"${PODS_PODFILE_DIR_PATH}/Podfile.lock",
				"${PODS_ROOT}/Manifest.lock",
			);
			name = "[CP] Check Pods Manifest.lock";
			outputFileListPaths = (
			);
			outputPaths = (
				"$(DERIVED_FILE_DIR)/Pods-P2-checkManifestLockResult.txt",
			);
			runOnlyForDeploymentPostprocessing = 0;
			shellPath = /bin/sh;
			shellScript = "diff \"${PODS_PODFILE_DIR_PATH}/Podfile.lock\" \"${PODS_ROOT}/Manifest.lock\" > /dev/null\nif [ $? != 0 ] ; then\n    # print error to STDERR\n    echo \"error: The sandbox is not in sync with the Podfile.lock. Run 'pod install' or update your CocoaPods installation.\" >&2\n    exit 1\nfi\n# This output is used by Xcode 'outputs' to avoid re-running this script phase.\necho \"SUCCESS\" > \"${SCRIPT_OUTPUT_FILE_0}\"\n";
			showEnvVarsInLog = 0;
		};
		943AAB708454004022F516B7 /* [CP] Embed Pods Frameworks */ = {
			isa = PBXShellScriptBuildPhase;
			buildActionMask = 2147483647;
			files = (
			);
			inputFileListPaths = (
				"${PODS_ROOT}/Target Support Files/Pods-P2/Pods-P2-frameworks-${CONFIGURATION}-input-files.xcfilelist",
			);
			name = "[CP] Embed Pods Frameworks";
			outputFileListPaths = (
				"${PODS_ROOT}/Target Support Files/Pods-P2/Pods-P2-frameworks-${CONFIGURATION}-output-files.xcfilelist",
			);
			runOnlyForDeploymentPostprocessing = 0;
			shellPath = /bin/sh;
			shellScript = "\"${PODS_ROOT}/Target Support Files/Pods-P2/Pods-P2-frameworks.sh\"\n";
			showEnvVarsInLog = 0;
		};
/* End PBXShellScriptBuildPhase section */

/* Begin PBXSourcesBuildPhase section */
		5E1A72BD27F57DDB00D2F54B /* Sources */ = {
			isa = PBXSourcesBuildPhase;
			buildActionMask = 2147483647;
			files = (
				5E1A72D927F585A100D2F54B /* Users.swift in Sources */,
				5E1A72C927F57DDB00D2F54B /* ViewController.swift in Sources */,
				5E1A72C527F57DDB00D2F54B /* AppDelegate.swift in Sources */,
				5E1A72DB27F5890C00D2F54B /* User.swift in Sources */,
				5E950E4A27FD6DFB004D36D8 /* LogInViewController.swift in Sources */,
				5E091E8127FCC425008DD015 /* DeatailesViewController.swift in Sources */,
				5E1A72C727F57DDB00D2F54B /* SceneDelegate.swift in Sources */,
				5E091E5B27F9009D008DD015 /* Support.swift in Sources */,
			);
			runOnlyForDeploymentPostprocessing = 0;
		};
/* End PBXSourcesBuildPhase section */

/* Begin PBXVariantGroup section */
		5E1A72CA27F57DDB00D2F54B /* Main.storyboard */ = {
			isa = PBXVariantGroup;
			children = (
				5E1A72CB27F57DDB00D2F54B /* Base */,
			);
			name = Main.storyboard;
			sourceTree = "<group>";
		};
		5E1A72CF27F57DDF00D2F54B /* LaunchScreen.storyboard */ = {
			isa = PBXVariantGroup;
			children = (
				5E1A72D027F57DDF00D2F54B /* Base */,
			);
			name = LaunchScreen.storyboard;
			sourceTree = "<group>";
		};
/* End PBXVariantGroup section */

/* Begin XCBuildConfiguration section */
		5E1A72D327F57DDF00D2F54B /* Debug */ = {
			isa = XCBuildConfiguration;
			buildSettings = {
				ALWAYS_SEARCH_USER_PATHS = NO;
				CLANG_ANALYZER_NONNULL = YES;
				CLANG_ANALYZER_NUMBER_OBJECT_CONVERSION = YES_AGGRESSIVE;
				CLANG_CXX_LANGUAGE_STANDARD = "gnu++17";
				CLANG_ENABLE_MODULES = YES;
				CLANG_ENABLE_OBJC_ARC = YES;
				CLANG_ENABLE_OBJC_WEAK = YES;
				CLANG_WARN_BLOCK_CAPTURE_AUTORELEASING = YES;
				CLANG_WARN_BOOL_CONVERSION = YES;
				CLANG_WARN_COMMA = YES;
				CLANG_WARN_CONSTANT_CONVERSION = YES;
				CLANG_WARN_DEPRECATED_OBJC_IMPLEMENTATIONS = YES;
				CLANG_WARN_DIRECT_OBJC_ISA_USAGE = YES_ERROR;
				CLANG_WARN_DOCUMENTATION_COMMENTS = YES;
				CLANG_WARN_EMPTY_BODY = YES;
				CLANG_WARN_ENUM_CONVERSION = YES;
				CLANG_WARN_INFINITE_RECURSION = YES;
				CLANG_WARN_INT_CONVERSION = YES;
				CLANG_WARN_NON_LITERAL_NULL_CONVERSION = YES;
				CLANG_WARN_OBJC_IMPLICIT_RETAIN_SELF = YES;
				CLANG_WARN_OBJC_LITERAL_CONVERSION = YES;
				CLANG_WARN_OBJC_ROOT_CLASS = YES_ERROR;
				CLANG_WARN_QUOTED_INCLUDE_IN_FRAMEWORK_HEADER = YES;
				CLANG_WARN_RANGE_LOOP_ANALYSIS = YES;
				CLANG_WARN_STRICT_PROTOTYPES = YES;
				CLANG_WARN_SUSPICIOUS_MOVE = YES;
				CLANG_WARN_UNGUARDED_AVAILABILITY = YES_AGGRESSIVE;
				CLANG_WARN_UNREACHABLE_CODE = YES;
				CLANG_WARN__DUPLICATE_METHOD_MATCH = YES;
				COPY_PHASE_STRIP = NO;
				DEBUG_INFORMATION_FORMAT = dwarf;
				ENABLE_STRICT_OBJC_MSGSEND = YES;
				ENABLE_TESTABILITY = YES;
				GCC_C_LANGUAGE_STANDARD = gnu11;
				GCC_DYNAMIC_NO_PIC = NO;
				GCC_NO_COMMON_BLOCKS = YES;
				GCC_OPTIMIZATION_LEVEL = 0;
				GCC_PREPROCESSOR_DEFINITIONS = (
					"DEBUG=1",
					"$(inherited)",
				);
				GCC_WARN_64_TO_32_BIT_CONVERSION = YES;
				GCC_WARN_ABOUT_RETURN_TYPE = YES_ERROR;
				GCC_WARN_UNDECLARED_SELECTOR = YES;
				GCC_WARN_UNINITIALIZED_AUTOS = YES_AGGRESSIVE;
				GCC_WARN_UNUSED_FUNCTION = YES;
				GCC_WARN_UNUSED_VARIABLE = YES;
				IPHONEOS_DEPLOYMENT_TARGET = 15.4;
				MTL_ENABLE_DEBUG_INFO = INCLUDE_SOURCE;
				MTL_FAST_MATH = YES;
				ONLY_ACTIVE_ARCH = YES;
				SDKROOT = iphoneos;
				SWIFT_ACTIVE_COMPILATION_CONDITIONS = DEBUG;
				SWIFT_OPTIMIZATION_LEVEL = "-Onone";
			};
			name = Debug;
		};
		5E1A72D427F57DDF00D2F54B /* Release */ = {
			isa = XCBuildConfiguration;
			buildSettings = {
				ALWAYS_SEARCH_USER_PATHS = NO;
				CLANG_ANALYZER_NONNULL = YES;
				CLANG_ANALYZER_NUMBER_OBJECT_CONVERSION = YES_AGGRESSIVE;
				CLANG_CXX_LANGUAGE_STANDARD = "gnu++17";
				CLANG_ENABLE_MODULES = YES;
				CLANG_ENABLE_OBJC_ARC = YES;
				CLANG_ENABLE_OBJC_WEAK = YES;
				CLANG_WARN_BLOCK_CAPTURE_AUTORELEASING = YES;
				CLANG_WARN_BOOL_CONVERSION = YES;
				CLANG_WARN_COMMA = YES;
				CLANG_WARN_CONSTANT_CONVERSION = YES;
				CLANG_WARN_DEPRECATED_OBJC_IMPLEMENTATIONS = YES;
				CLANG_WARN_DIRECT_OBJC_ISA_USAGE = YES_ERROR;
				CLANG_WARN_DOCUMENTATION_COMMENTS = YES;
				CLANG_WARN_EMPTY_BODY = YES;
				CLANG_WARN_ENUM_CONVERSION = YES;
				CLANG_WARN_INFINITE_RECURSION = YES;
				CLANG_WARN_INT_CONVERSION = YES;
				CLANG_WARN_NON_LITERAL_NULL_CONVERSION = YES;
				CLANG_WARN_OBJC_IMPLICIT_RETAIN_SELF = YES;
				CLANG_WARN_OBJC_LITERAL_CONVERSION = YES;
				CLANG_WARN_OBJC_ROOT_CLASS = YES_ERROR;
				CLANG_WARN_QUOTED_INCLUDE_IN_FRAMEWORK_HEADER = YES;
				CLANG_WARN_RANGE_LOOP_ANALYSIS = YES;
				CLANG_WARN_STRICT_PROTOTYPES = YES;
				CLANG_WARN_SUSPICIOUS_MOVE = YES;
				CLANG_WARN_UNGUARDED_AVAILABILITY = YES_AGGRESSIVE;
				CLANG_WARN_UNREACHABLE_CODE = YES;
				CLANG_WARN__DUPLICATE_METHOD_MATCH = YES;
				COPY_PHASE_STRIP = NO;
				DEBUG_INFORMATION_FORMAT = "dwarf-with-dsym";
				ENABLE_NS_ASSERTIONS = NO;
				ENABLE_STRICT_OBJC_MSGSEND = YES;
				GCC_C_LANGUAGE_STANDARD = gnu11;
				GCC_NO_COMMON_BLOCKS = YES;
				GCC_WARN_64_TO_32_BIT_CONVERSION = YES;
				GCC_WARN_ABOUT_RETURN_TYPE = YES_ERROR;
				GCC_WARN_UNDECLARED_SELECTOR = YES;
				GCC_WARN_UNINITIALIZED_AUTOS = YES_AGGRESSIVE;
				GCC_WARN_UNUSED_FUNCTION = YES;
				GCC_WARN_UNUSED_VARIABLE = YES;
				IPHONEOS_DEPLOYMENT_TARGET = 15.4;
				MTL_ENABLE_DEBUG_INFO = NO;
				MTL_FAST_MATH = YES;
				SDKROOT = iphoneos;
				SWIFT_COMPILATION_MODE = wholemodule;
				SWIFT_OPTIMIZATION_LEVEL = "-O";
				VALIDATE_PRODUCT = YES;
			};
			name = Release;
		};
		5E1A72D627F57DDF00D2F54B /* Debug */ = {
			isa = XCBuildConfiguration;
			baseConfigurationReference = 891544CB02E9DA4BAFD24B0D /* Pods-P2.debug.xcconfig */;
			buildSettings = {
				ASSETCATALOG_COMPILER_APPICON_NAME = AppIcon;
				ASSETCATALOG_COMPILER_GLOBAL_ACCENT_COLOR_NAME = AccentColor;
				CODE_SIGN_STYLE = Automatic;
				CURRENT_PROJECT_VERSION = 1;
				DEVELOPMENT_TEAM = HD52QV763M;
				GENERATE_INFOPLIST_FILE = YES;
				INFOPLIST_FILE = P2/Info.plist;
				INFOPLIST_KEY_UIApplicationSupportsIndirectInputEvents = YES;
				INFOPLIST_KEY_UILaunchStoryboardName = LaunchScreen;
				INFOPLIST_KEY_UIMainStoryboardFile = Main;
				INFOPLIST_KEY_UISupportedInterfaceOrientations_iPad = "UIInterfaceOrientationPortrait UIInterfaceOrientationPortraitUpsideDown UIInterfaceOrientationLandscapeLeft UIInterfaceOrientationLandscapeRight";
				INFOPLIST_KEY_UISupportedInterfaceOrientations_iPhone = "UIInterfaceOrientationPortrait UIInterfaceOrientationLandscapeLeft UIInterfaceOrientationLandscapeRight";
				LD_RUNPATH_SEARCH_PATHS = (
					"$(inherited)",
					"@executable_path/Frameworks",
				);
				MARKETING_VERSION = 1.0;
				PRODUCT_BUNDLE_IDENTIFIER = Zozo.P2;
				PRODUCT_NAME = "$(TARGET_NAME)";
				SWIFT_EMIT_LOC_STRINGS = YES;
				SWIFT_VERSION = 5.0;
				TARGETED_DEVICE_FAMILY = "1,2";
			};
			name = Debug;
		};
		5E1A72D727F57DDF00D2F54B /* Release */ = {
			isa = XCBuildConfiguration;
			baseConfigurationReference = 51A1DA78945242BA7218329B /* Pods-P2.release.xcconfig */;
			buildSettings = {
				ASSETCATALOG_COMPILER_APPICON_NAME = AppIcon;
				ASSETCATALOG_COMPILER_GLOBAL_ACCENT_COLOR_NAME = AccentColor;
				CODE_SIGN_STYLE = Automatic;
				CURRENT_PROJECT_VERSION = 1;
				DEVELOPMENT_TEAM = HD52QV763M;
				GENERATE_INFOPLIST_FILE = YES;
				INFOPLIST_FILE = P2/Info.plist;
				INFOPLIST_KEY_UIApplicationSupportsIndirectInputEvents = YES;
				INFOPLIST_KEY_UILaunchStoryboardName = LaunchScreen;
				INFOPLIST_KEY_UIMainStoryboardFile = Main;
				INFOPLIST_KEY_UISupportedInterfaceOrientations_iPad = "UIInterfaceOrientationPortrait UIInterfaceOrientationPortraitUpsideDown UIInterfaceOrientationLandscapeLeft UIInterfaceOrientationLandscapeRight";
				INFOPLIST_KEY_UISupportedInterfaceOrientations_iPhone = "UIInterfaceOrientationPortrait UIInterfaceOrientationLandscapeLeft UIInterfaceOrientationLandscapeRight";
				LD_RUNPATH_SEARCH_PATHS = (
					"$(inherited)",
					"@executable_path/Frameworks",
				);
				MARKETING_VERSION = 1.0;
				PRODUCT_BUNDLE_IDENTIFIER = Zozo.P2;
				PRODUCT_NAME = "$(TARGET_NAME)";
				SWIFT_EMIT_LOC_STRINGS = YES;
				SWIFT_VERSION = 5.0;
				TARGETED_DEVICE_FAMILY = "1,2";
			};
			name = Release;
		};
/* End XCBuildConfiguration section */

/* Begin XCConfigurationList section */
		5E1A72BC27F57DDB00D2F54B /* Build configuration list for PBXProject "P2" */ = {
			isa = XCConfigurationList;
			buildConfigurations = (
				5E1A72D327F57DDF00D2F54B /* Debug */,
				5E1A72D427F57DDF00D2F54B /* Release */,
			);
			defaultConfigurationIsVisible = 0;
			defaultConfigurationName = Release;
		};
		5E1A72D527F57DDF00D2F54B /* Build configuration list for PBXNativeTarget "P2" */ = {
			isa = XCConfigurationList;
			buildConfigurations = (
				5E1A72D627F57DDF00D2F54B /* Debug */,
				5E1A72D727F57DDF00D2F54B /* Release */,
			);
			defaultConfigurationIsVisible = 0;
			defaultConfigurationName = Release;
		};
/* End XCConfigurationList section */
	};
	rootObject = 5E1A72B927F57DDB00D2F54B /* Project object */;
}
